// !$*UTF8*$!
{
	archiveVersion = 1;
	classes = {
	};
	objectVersion = 46;
	objects = {

/* Begin PBXBuildFile section */
		3793E9597D4DB00CD9D4CC14 /* libPods-Currency ExchangeTests.a in Frameworks */ = {isa = PBXBuildFile; fileRef = 52275E3BC835B3B596FCD6D8 /* libPods-Currency ExchangeTests.a */; };
		D346CC3F1F20D16200238A40 /* CurrencyFetcher.m in Sources */ = {isa = PBXBuildFile; fileRef = D346CC3E1F20D16200238A40 /* CurrencyFetcher.m */; };
		D35F666C1F20EBFA0006CD06 /* User.m in Sources */ = {isa = PBXBuildFile; fileRef = D35F666B1F20EBFA0006CD06 /* User.m */; };
		D35F666F1F20ED040006CD06 /* CurrencyConverter.m in Sources */ = {isa = PBXBuildFile; fileRef = D35F666E1F20ED040006CD06 /* CurrencyConverter.m */; };
		D3B32CA21F20C5260037B97E /* main.m in Sources */ = {isa = PBXBuildFile; fileRef = D3B32CA11F20C5260037B97E /* main.m */; };
		D3B32CA51F20C5260037B97E /* AppDelegate.m in Sources */ = {isa = PBXBuildFile; fileRef = D3B32CA41F20C5260037B97E /* AppDelegate.m */; };
		D3B32CAB1F20C5260037B97E /* Main.storyboard in Resources */ = {isa = PBXBuildFile; fileRef = D3B32CA91F20C5260037B97E /* Main.storyboard */; };
		D3B32CAD1F20C5260037B97E /* Assets.xcassets in Resources */ = {isa = PBXBuildFile; fileRef = D3B32CAC1F20C5260037B97E /* Assets.xcassets */; };
		D3B32CB01F20C5260037B97E /* LaunchScreen.storyboard in Resources */ = {isa = PBXBuildFile; fileRef = D3B32CAE1F20C5260037B97E /* LaunchScreen.storyboard */; };
		D3B32CBB1F20C5260037B97E /* Currency_ExchangeTests.m in Sources */ = {isa = PBXBuildFile; fileRef = D3B32CBA1F20C5260037B97E /* Currency_ExchangeTests.m */; };
		D3B32CC71F20C5BE0037B97E /* CurrencyExchangeViewController.m in Sources */ = {isa = PBXBuildFile; fileRef = D3B32CC61F20C5BE0037B97E /* CurrencyExchangeViewController.m */; };
		D3B32CCA1F20C7110037B97E /* Currency.m in Sources */ = {isa = PBXBuildFile; fileRef = D3B32CC91F20C7110037B97E /* Currency.m */; };
		D3EF4F0A1F20F59100D812AF /* CurrencyRateProvider.m in Sources */ = {isa = PBXBuildFile; fileRef = D3EF4F091F20F59100D812AF /* CurrencyRateProvider.m */; };
		D3EF4F0E1F20FC7000D812AF /* CurrencyRateTests.m in Sources */ = {isa = PBXBuildFile; fileRef = D3EF4F0D1F20FC7000D812AF /* CurrencyRateTests.m */; };
		E4995D73E4A38D8272F88A40 /* libPods-Currency Exchange.a in Frameworks */ = {isa = PBXBuildFile; fileRef = 7E98D7A10E1E8D7ED0021CD3 /* libPods-Currency Exchange.a */; };
/* End PBXBuildFile section */

/* Begin PBXContainerItemProxy section */
		D3B32CB71F20C5260037B97E /* PBXContainerItemProxy */ = {
			isa = PBXContainerItemProxy;
			containerPortal = D3B32C951F20C5260037B97E /* Project object */;
			proxyType = 1;
			remoteGlobalIDString = D3B32C9C1F20C5260037B97E;
			remoteInfo = "Currency Exchange";
		};
/* End PBXContainerItemProxy section */

/* Begin PBXFileReference section */
		1E2BA8DEB9C24265BDA4A7A9 /* Pods-Currency Exchange.debug.xcconfig */ = {isa = PBXFileReference; includeInIndex = 1; lastKnownFileType = text.xcconfig; name = "Pods-Currency Exchange.debug.xcconfig"; path = "Pods/Target Support Files/Pods-Currency Exchange/Pods-Currency Exchange.debug.xcconfig"; sourceTree = "<group>"; };
		29F964DF549831255F877390 /* Pods-Currency ExchangeTests.debug.xcconfig */ = {isa = PBXFileReference; includeInIndex = 1; lastKnownFileType = text.xcconfig; name = "Pods-Currency ExchangeTests.debug.xcconfig"; path = "Pods/Target Support Files/Pods-Currency ExchangeTests/Pods-Currency ExchangeTests.debug.xcconfig"; sourceTree = "<group>"; };
		3591E6A961A04BAB3C5CD06F /* Pods-Currency ExchangeTests.release.xcconfig */ = {isa = PBXFileReference; includeInIndex = 1; lastKnownFileType = text.xcconfig; name = "Pods-Currency ExchangeTests.release.xcconfig"; path = "Pods/Target Support Files/Pods-Currency ExchangeTests/Pods-Currency ExchangeTests.release.xcconfig"; sourceTree = "<group>"; };
		40FE3AF632EBF4B109CF2A45 /* Pods-Currency Exchange.release.xcconfig */ = {isa = PBXFileReference; includeInIndex = 1; lastKnownFileType = text.xcconfig; name = "Pods-Currency Exchange.release.xcconfig"; path = "Pods/Target Support Files/Pods-Currency Exchange/Pods-Currency Exchange.release.xcconfig"; sourceTree = "<group>"; };
		52275E3BC835B3B596FCD6D8 /* libPods-Currency ExchangeTests.a */ = {isa = PBXFileReference; explicitFileType = archive.ar; includeInIndex = 0; path = "libPods-Currency ExchangeTests.a"; sourceTree = BUILT_PRODUCTS_DIR; };
		7E98D7A10E1E8D7ED0021CD3 /* libPods-Currency Exchange.a */ = {isa = PBXFileReference; explicitFileType = archive.ar; includeInIndex = 0; path = "libPods-Currency Exchange.a"; sourceTree = BUILT_PRODUCTS_DIR; };
		D346CC3D1F20D16200238A40 /* CurrencyFetcher.h */ = {isa = PBXFileReference; fileEncoding = 4; lastKnownFileType = sourcecode.c.h; path = CurrencyFetcher.h; sourceTree = "<group>"; };
		D346CC3E1F20D16200238A40 /* CurrencyFetcher.m */ = {isa = PBXFileReference; fileEncoding = 4; lastKnownFileType = sourcecode.c.objc; path = CurrencyFetcher.m; sourceTree = "<group>"; };
		D35F666A1F20EBFA0006CD06 /* User.h */ = {isa = PBXFileReference; fileEncoding = 4; lastKnownFileType = sourcecode.c.h; path = User.h; sourceTree = "<group>"; };
		D35F666B1F20EBFA0006CD06 /* User.m */ = {isa = PBXFileReference; fileEncoding = 4; lastKnownFileType = sourcecode.c.objc; path = User.m; sourceTree = "<group>"; };
		D35F666D1F20ED040006CD06 /* CurrencyConverter.h */ = {isa = PBXFileReference; fileEncoding = 4; lastKnownFileType = sourcecode.c.h; path = CurrencyConverter.h; sourceTree = "<group>"; };
		D35F666E1F20ED040006CD06 /* CurrencyConverter.m */ = {isa = PBXFileReference; fileEncoding = 4; lastKnownFileType = sourcecode.c.objc; path = CurrencyConverter.m; sourceTree = "<group>"; };
		D3B32C9D1F20C5260037B97E /* Currency Exchange.app */ = {isa = PBXFileReference; explicitFileType = wrapper.application; includeInIndex = 0; path = "Currency Exchange.app"; sourceTree = BUILT_PRODUCTS_DIR; };
		D3B32CA11F20C5260037B97E /* main.m */ = {isa = PBXFileReference; lastKnownFileType = sourcecode.c.objc; path = main.m; sourceTree = "<group>"; };
		D3B32CA31F20C5260037B97E /* AppDelegate.h */ = {isa = PBXFileReference; lastKnownFileType = sourcecode.c.h; path = AppDelegate.h; sourceTree = "<group>"; };
		D3B32CA41F20C5260037B97E /* AppDelegate.m */ = {isa = PBXFileReference; lastKnownFileType = sourcecode.c.objc; path = AppDelegate.m; sourceTree = "<group>"; };
		D3B32CAA1F20C5260037B97E /* Base */ = {isa = PBXFileReference; lastKnownFileType = file.storyboard; name = Base; path = Base.lproj/Main.storyboard; sourceTree = "<group>"; };
		D3B32CAC1F20C5260037B97E /* Assets.xcassets */ = {isa = PBXFileReference; lastKnownFileType = folder.assetcatalog; path = Assets.xcassets; sourceTree = "<group>"; };
		D3B32CAF1F20C5260037B97E /* Base */ = {isa = PBXFileReference; lastKnownFileType = file.storyboard; name = Base; path = Base.lproj/LaunchScreen.storyboard; sourceTree = "<group>"; };
		D3B32CB11F20C5260037B97E /* Info.plist */ = {isa = PBXFileReference; lastKnownFileType = text.plist.xml; path = Info.plist; sourceTree = "<group>"; };
		D3B32CB61F20C5260037B97E /* Currency ExchangeTests.xctest */ = {isa = PBXFileReference; explicitFileType = wrapper.cfbundle; includeInIndex = 0; path = "Currency ExchangeTests.xctest"; sourceTree = BUILT_PRODUCTS_DIR; };
		D3B32CBA1F20C5260037B97E /* Currency_ExchangeTests.m */ = {isa = PBXFileReference; lastKnownFileType = sourcecode.c.objc; path = Currency_ExchangeTests.m; sourceTree = "<group>"; };
		D3B32CBC1F20C5260037B97E /* Info.plist */ = {isa = PBXFileReference; lastKnownFileType = text.plist.xml; path = Info.plist; sourceTree = "<group>"; };
		D3B32CC51F20C5BE0037B97E /* CurrencyExchangeViewController.h */ = {isa = PBXFileReference; fileEncoding = 4; lastKnownFileType = sourcecode.c.h; path = CurrencyExchangeViewController.h; sourceTree = "<group>"; };
		D3B32CC61F20C5BE0037B97E /* CurrencyExchangeViewController.m */ = {isa = PBXFileReference; fileEncoding = 4; lastKnownFileType = sourcecode.c.objc; path = CurrencyExchangeViewController.m; sourceTree = "<group>"; };
		D3B32CC81F20C7110037B97E /* Currency.h */ = {isa = PBXFileReference; fileEncoding = 4; lastKnownFileType = sourcecode.c.h; path = Currency.h; sourceTree = "<group>"; };
		D3B32CC91F20C7110037B97E /* Currency.m */ = {isa = PBXFileReference; fileEncoding = 4; lastKnownFileType = sourcecode.c.objc; path = Currency.m; sourceTree = "<group>"; };
		D3EF4F081F20F59100D812AF /* CurrencyRateProvider.h */ = {isa = PBXFileReference; fileEncoding = 4; lastKnownFileType = sourcecode.c.h; path = CurrencyRateProvider.h; sourceTree = "<group>"; };
		D3EF4F091F20F59100D812AF /* CurrencyRateProvider.m */ = {isa = PBXFileReference; fileEncoding = 4; lastKnownFileType = sourcecode.c.objc; path = CurrencyRateProvider.m; sourceTree = "<group>"; };
		D3EF4F0D1F20FC7000D812AF /* CurrencyRateTests.m */ = {isa = PBXFileReference; fileEncoding = 4; lastKnownFileType = sourcecode.c.objc; path = CurrencyRateTests.m; sourceTree = "<group>"; };
/* End PBXFileReference section */

/* Begin PBXFrameworksBuildPhase section */
		D3B32C9A1F20C5260037B97E /* Frameworks */ = {
			isa = PBXFrameworksBuildPhase;
			buildActionMask = 2147483647;
			files = (
				E4995D73E4A38D8272F88A40 /* libPods-Currency Exchange.a in Frameworks */,
			);
			runOnlyForDeploymentPostprocessing = 0;
		};
		D3B32CB31F20C5260037B97E /* Frameworks */ = {
			isa = PBXFrameworksBuildPhase;
			buildActionMask = 2147483647;
			files = (
				3793E9597D4DB00CD9D4CC14 /* libPods-Currency ExchangeTests.a in Frameworks */,
			);
			runOnlyForDeploymentPostprocessing = 0;
		};
/* End PBXFrameworksBuildPhase section */

/* Begin PBXGroup section */
		96506D7B0F977282EA2B4234 /* Frameworks */ = {
			isa = PBXGroup;
			children = (
				7E98D7A10E1E8D7ED0021CD3 /* libPods-Currency Exchange.a */,
				52275E3BC835B3B596FCD6D8 /* libPods-Currency ExchangeTests.a */,
			);
			name = Frameworks;
			sourceTree = "<group>";
		};
		D3B32C941F20C5260037B97E = {
			isa = PBXGroup;
			children = (
				D3B32C9F1F20C5260037B97E /* Currency Exchange */,
				D3B32CB91F20C5260037B97E /* Currency ExchangeTests */,
				D3B32C9E1F20C5260037B97E /* Products */,
				F9683A208E7F080766AFC93E /* Pods */,
				96506D7B0F977282EA2B4234 /* Frameworks */,
			);
			sourceTree = "<group>";
		};
		D3B32C9E1F20C5260037B97E /* Products */ = {
			isa = PBXGroup;
			children = (
				D3B32C9D1F20C5260037B97E /* Currency Exchange.app */,
				D3B32CB61F20C5260037B97E /* Currency ExchangeTests.xctest */,
			);
			name = Products;
			sourceTree = "<group>";
		};
		D3B32C9F1F20C5260037B97E /* Currency Exchange */ = {
			isa = PBXGroup;
			children = (
				D3B32CA31F20C5260037B97E /* AppDelegate.h */,
				D3B32CA41F20C5260037B97E /* AppDelegate.m */,
				D3B32CC51F20C5BE0037B97E /* CurrencyExchangeViewController.h */,
				D3B32CC61F20C5BE0037B97E /* CurrencyExchangeViewController.m */,
				D3B32CA91F20C5260037B97E /* Main.storyboard */,
				D3EF4F0C1F20FBF600D812AF /* Logic */,
				D3B32CAC1F20C5260037B97E /* Assets.xcassets */,
				D3B32CAE1F20C5260037B97E /* LaunchScreen.storyboard */,
				D3B32CB11F20C5260037B97E /* Info.plist */,
				D3B32CA01F20C5260037B97E /* Supporting Files */,
			);
			path = "Currency Exchange";
			sourceTree = "<group>";
		};
		D3B32CA01F20C5260037B97E /* Supporting Files */ = {
			isa = PBXGroup;
			children = (
				D3B32CA11F20C5260037B97E /* main.m */,
			);
			name = "Supporting Files";
			sourceTree = "<group>";
		};
		D3B32CB91F20C5260037B97E /* Currency ExchangeTests */ = {
			isa = PBXGroup;
			children = (
				D3B32CBA1F20C5260037B97E /* Currency_ExchangeTests.m */,
				D3EF4F0D1F20FC7000D812AF /* CurrencyRateTests.m */,
				D3B32CBC1F20C5260037B97E /* Info.plist */,
			);
			path = "Currency ExchangeTests";
			sourceTree = "<group>";
		};
		D3EF4F0C1F20FBF600D812AF /* Logic */ = {
			isa = PBXGroup;
			children = (
				D3B32CC81F20C7110037B97E /* Currency.h */,
				D3B32CC91F20C7110037B97E /* Currency.m */,
				D35F666D1F20ED040006CD06 /* CurrencyConverter.h */,
				D35F666E1F20ED040006CD06 /* CurrencyConverter.m */,
				D35F666A1F20EBFA0006CD06 /* User.h */,
				D35F666B1F20EBFA0006CD06 /* User.m */,
				D346CC3D1F20D16200238A40 /* CurrencyFetcher.h */,
				D346CC3E1F20D16200238A40 /* CurrencyFetcher.m */,
				D3EF4F081F20F59100D812AF /* CurrencyRateProvider.h */,
				D3EF4F091F20F59100D812AF /* CurrencyRateProvider.m */,
			);
			name = Logic;
			sourceTree = "<group>";
		};
		F9683A208E7F080766AFC93E /* Pods */ = {
			isa = PBXGroup;
			children = (
				1E2BA8DEB9C24265BDA4A7A9 /* Pods-Currency Exchange.debug.xcconfig */,
				40FE3AF632EBF4B109CF2A45 /* Pods-Currency Exchange.release.xcconfig */,
				29F964DF549831255F877390 /* Pods-Currency ExchangeTests.debug.xcconfig */,
				3591E6A961A04BAB3C5CD06F /* Pods-Currency ExchangeTests.release.xcconfig */,
			);
			name = Pods;
			sourceTree = "<group>";
		};
/* End PBXGroup section */

/* Begin PBXNativeTarget section */
		D3B32C9C1F20C5260037B97E /* Currency Exchange */ = {
			isa = PBXNativeTarget;
			buildConfigurationList = D3B32CBF1F20C5260037B97E /* Build configuration list for PBXNativeTarget "Currency Exchange" */;
			buildPhases = (
				09AC5A4A7CFEF7B80800EE3F /* [CP] Check Pods Manifest.lock */,
				D3B32C991F20C5260037B97E /* Sources */,
				D3B32C9A1F20C5260037B97E /* Frameworks */,
				D3B32C9B1F20C5260037B97E /* Resources */,
				E26A95D896C996C3D741C031 /* [CP] Embed Pods Frameworks */,
				918A0EC8A45634FE7A3C64FD /* [CP] Copy Pods Resources */,
			);
			buildRules = (
			);
			dependencies = (
			);
			name = "Currency Exchange";
			productName = "Currency Exchange";
			productReference = D3B32C9D1F20C5260037B97E /* Currency Exchange.app */;
			productType = "com.apple.product-type.application";
		};
		D3B32CB51F20C5260037B97E /* Currency ExchangeTests */ = {
			isa = PBXNativeTarget;
			buildConfigurationList = D3B32CC21F20C5260037B97E /* Build configuration list for PBXNativeTarget "Currency ExchangeTests" */;
			buildPhases = (
				EDD3FACD4F2FB66788D32AC2 /* [CP] Check Pods Manifest.lock */,
				D3B32CB21F20C5260037B97E /* Sources */,
				D3B32CB31F20C5260037B97E /* Frameworks */,
				D3B32CB41F20C5260037B97E /* Resources */,
				20602680E5721C53AB3D39FC /* [CP] Embed Pods Frameworks */,
				5A2695EAD9ACD9A1E0C8D0E5 /* [CP] Copy Pods Resources */,
			);
			buildRules = (
			);
			dependencies = (
				D3B32CB81F20C5260037B97E /* PBXTargetDependency */,
			);
			name = "Currency ExchangeTests";
			productName = "Currency ExchangeTests";
			productReference = D3B32CB61F20C5260037B97E /* Currency ExchangeTests.xctest */;
			productType = "com.apple.product-type.bundle.unit-test";
		};
/* End PBXNativeTarget section */

/* Begin PBXProject section */
		D3B32C951F20C5260037B97E /* Project object */ = {
			isa = PBXProject;
			attributes = {
				LastUpgradeCheck = 0830;
				ORGANIZATIONNAME = 1;
				TargetAttributes = {
					D3B32C9C1F20C5260037B97E = {
						CreatedOnToolsVersion = 8.3.3;
						ProvisioningStyle = Automatic;
					};
					D3B32CB51F20C5260037B97E = {
						CreatedOnToolsVersion = 8.3.3;
						ProvisioningStyle = Automatic;
						TestTargetID = D3B32C9C1F20C5260037B97E;
					};
				};
			};
			buildConfigurationList = D3B32C981F20C5260037B97E /* Build configuration list for PBXProject "Currency Exchange" */;
			compatibilityVersion = "Xcode 3.2";
			developmentRegion = English;
			hasScannedForEncodings = 0;
			knownRegions = (
				en,
				Base,
			);
			mainGroup = D3B32C941F20C5260037B97E;
			productRefGroup = D3B32C9E1F20C5260037B97E /* Products */;
			projectDirPath = "";
			projectRoot = "";
			targets = (
				D3B32C9C1F20C5260037B97E /* Currency Exchange */,
				D3B32CB51F20C5260037B97E /* Currency ExchangeTests */,
			);
		};
/* End PBXProject section */

/* Begin PBXResourcesBuildPhase section */
		D3B32C9B1F20C5260037B97E /* Resources */ = {
			isa = PBXResourcesBuildPhase;
			buildActionMask = 2147483647;
			files = (
				D3B32CB01F20C5260037B97E /* LaunchScreen.storyboard in Resources */,
				D3B32CAD1F20C5260037B97E /* Assets.xcassets in Resources */,
				D3B32CAB1F20C5260037B97E /* Main.storyboard in Resources */,
			);
			runOnlyForDeploymentPostprocessing = 0;
		};
		D3B32CB41F20C5260037B97E /* Resources */ = {
			isa = PBXResourcesBuildPhase;
			buildActionMask = 2147483647;
			files = (
			);
			runOnlyForDeploymentPostprocessing = 0;
		};
/* End PBXResourcesBuildPhase section */

/* Begin PBXShellScriptBuildPhase section */
		09AC5A4A7CFEF7B80800EE3F /* [CP] Check Pods Manifest.lock */ = {
			isa = PBXShellScriptBuildPhase;
			buildActionMask = 2147483647;
			files = (
			);
			inputPaths = (
			);
			name = "[CP] Check Pods Manifest.lock";
			outputPaths = (
			);
			runOnlyForDeploymentPostprocessing = 0;
			shellPath = /bin/sh;
			shellScript = "diff \"${PODS_PODFILE_DIR_PATH}/Podfile.lock\" \"${PODS_ROOT}/Manifest.lock\" > /dev/null\nif [ $? != 0 ] ; then\n    # print error to STDERR\n    echo \"error: The sandbox is not in sync with the Podfile.lock. Run 'pod install' or update your CocoaPods installation.\" >&2\n    exit 1\nfi\n";
			showEnvVarsInLog = 0;
		};
		20602680E5721C53AB3D39FC /* [CP] Embed Pods Frameworks */ = {
			isa = PBXShellScriptBuildPhase;
			buildActionMask = 2147483647;
			files = (
			);
			inputPaths = (
			);
			name = "[CP] Embed Pods Frameworks";
			outputPaths = (
			);
			runOnlyForDeploymentPostprocessing = 0;
			shellPath = /bin/sh;
			shellScript = "\"${SRCROOT}/Pods/Target Support Files/Pods-Currency ExchangeTests/Pods-Currency ExchangeTests-frameworks.sh\"\n";
			showEnvVarsInLog = 0;
		};
		5A2695EAD9ACD9A1E0C8D0E5 /* [CP] Copy Pods Resources */ = {
			isa = PBXShellScriptBuildPhase;
			buildActionMask = 2147483647;
			files = (
			);
			inputPaths = (
			);
			name = "[CP] Copy Pods Resources";
			outputPaths = (
			);
			runOnlyForDeploymentPostprocessing = 0;
			shellPath = /bin/sh;
			shellScript = "\"${SRCROOT}/Pods/Target Support Files/Pods-Currency ExchangeTests/Pods-Currency ExchangeTests-resources.sh\"\n";
			showEnvVarsInLog = 0;
		};
		918A0EC8A45634FE7A3C64FD /* [CP] Copy Pods Resources */ = {
			isa = PBXShellScriptBuildPhase;
			buildActionMask = 2147483647;
			files = (
			);
			inputPaths = (
			);
			name = "[CP] Copy Pods Resources";
			outputPaths = (
			);
			runOnlyForDeploymentPostprocessing = 0;
			shellPath = /bin/sh;
			shellScript = "\"${SRCROOT}/Pods/Target Support Files/Pods-Currency Exchange/Pods-Currency Exchange-resources.sh\"\n";
			showEnvVarsInLog = 0;
		};
		E26A95D896C996C3D741C031 /* [CP] Embed Pods Frameworks */ = {
			isa = PBXShellScriptBuildPhase;
			buildActionMask = 2147483647;
			files = (
			);
			inputPaths = (
			);
			name = "[CP] Embed Pods Frameworks";
			outputPaths = (
			);
			runOnlyForDeploymentPostprocessing = 0;
			shellPath = /bin/sh;
			shellScript = "\"${SRCROOT}/Pods/Target Support Files/Pods-Currency Exchange/Pods-Currency Exchange-frameworks.sh\"\n";
			showEnvVarsInLog = 0;
		};
		EDD3FACD4F2FB66788D32AC2 /* [CP] Check Pods Manifest.lock */ = {
			isa = PBXShellScriptBuildPhase;
			buildActionMask = 2147483647;
			files = (
			);
			inputPaths = (
			);
			name = "[CP] Check Pods Manifest.lock";
			outputPaths = (
			);
			runOnlyForDeploymentPostprocessing = 0;
			shellPath = /bin/sh;
			shellScript = "diff \"${PODS_PODFILE_DIR_PATH}/Podfile.lock\" \"${PODS_ROOT}/Manifest.lock\" > /dev/null\nif [ $? != 0 ] ; then\n    # print error to STDERR\n    echo \"error: The sandbox is not in sync with the Podfile.lock. Run 'pod install' or update your CocoaPods installation.\" >&2\n    exit 1\nfi\n";
			showEnvVarsInLog = 0;
		};
/* End PBXShellScriptBuildPhase section */

/* Begin PBXSourcesBuildPhase section */
		D3B32C991F20C5260037B97E /* Sources */ = {
			isa = PBXSourcesBuildPhase;
			buildActionMask = 2147483647;
			files = (
				D3B32CCA1F20C7110037B97E /* Currency.m in Sources */,
				D35F666F1F20ED040006CD06 /* CurrencyConverter.m in Sources */,
				D3B32CC71F20C5BE0037B97E /* CurrencyExchangeViewController.m in Sources */,
				D3EF4F0A1F20F59100D812AF /* CurrencyRateProvider.m in Sources */,
				D35F666C1F20EBFA0006CD06 /* User.m in Sources */,
				D3B32CA51F20C5260037B97E /* AppDelegate.m in Sources */,
				D346CC3F1F20D16200238A40 /* CurrencyFetcher.m in Sources */,
				D3B32CA21F20C5260037B97E /* main.m in Sources */,
			);
			runOnlyForDeploymentPostprocessing = 0;
		};
		D3B32CB21F20C5260037B97E /* Sources */ = {
			isa = PBXSourcesBuildPhase;
			buildActionMask = 2147483647;
			files = (
				D3B32CBB1F20C5260037B97E /* Currency_ExchangeTests.m in Sources */,
				D3EF4F0E1F20FC7000D812AF /* CurrencyRateTests.m in Sources */,
			);
			runOnlyForDeploymentPostprocessing = 0;
		};
/* End PBXSourcesBuildPhase section */

/* Begin PBXTargetDependency section */
		D3B32CB81F20C5260037B97E /* PBXTargetDependency */ = {
			isa = PBXTargetDependency;
			target = D3B32C9C1F20C5260037B97E /* Currency Exchange */;
			targetProxy = D3B32CB71F20C5260037B97E /* PBXContainerItemProxy */;
		};
/* End PBXTargetDependency section */

/* Begin PBXVariantGroup section */
		D3B32CA91F20C5260037B97E /* Main.storyboard */ = {
			isa = PBXVariantGroup;
			children = (
				D3B32CAA1F20C5260037B97E /* Base */,
			);
			name = Main.storyboard;
			sourceTree = "<group>";
		};
		D3B32CAE1F20C5260037B97E /* LaunchScreen.storyboard */ = {
			isa = PBXVariantGroup;
			children = (
				D3B32CAF1F20C5260037B97E /* Base */,
			);
			name = LaunchScreen.storyboard;
			sourceTree = "<group>";
		};
/* End PBXVariantGroup section */

/* Begin XCBuildConfiguration section */
		D3B32CBD1F20C5260037B97E /* Debug */ = {
			isa = XCBuildConfiguration;
			buildSettings = {
				ALWAYS_SEARCH_USER_PATHS = NO;
				CLANG_ANALYZER_NONNULL = YES;
				CLANG_ANALYZER_NUMBER_OBJECT_CONVERSION = YES_AGGRESSIVE;
				CLANG_CXX_LANGUAGE_STANDARD = "gnu++0x";
				CLANG_CXX_LIBRARY = "libc++";
				CLANG_ENABLE_MODULES = YES;
				CLANG_ENABLE_OBJC_ARC = YES;
				CLANG_WARN_BOOL_CONVERSION = YES;
				CLANG_WARN_CONSTANT_CONVERSION = YES;
				CLANG_WARN_DIRECT_OBJC_ISA_USAGE = YES_ERROR;
				CLANG_WARN_DOCUMENTATION_COMMENTS = YES;
				CLANG_WARN_EMPTY_BODY = YES;
				CLANG_WARN_ENUM_CONVERSION = YES;
				CLANG_WARN_INFINITE_RECURSION = YES;
				CLANG_WARN_INT_CONVERSION = YES;
				CLANG_WARN_OBJC_ROOT_CLASS = YES_ERROR;
				CLANG_WARN_SUSPICIOUS_MOVE = YES;
				CLANG_WARN_UNREACHABLE_CODE = YES;
				CLANG_WARN__DUPLICATE_METHOD_MATCH = YES;
				"CODE_SIGN_IDENTITY[sdk=iphoneos*]" = "iPhone Developer";
				COPY_PHASE_STRIP = NO;
				DEBUG_INFORMATION_FORMAT = dwarf;
				ENABLE_STRICT_OBJC_MSGSEND = YES;
				ENABLE_TESTABILITY = YES;
				GCC_C_LANGUAGE_STANDARD = gnu99;
				GCC_DYNAMIC_NO_PIC = NO;
				GCC_NO_COMMON_BLOCKS = YES;
				GCC_OPTIMIZATION_LEVEL = 0;
				GCC_PREPROCESSOR_DEFINITIONS = (
					"DEBUG=1",
					"$(inherited)",
				);
				GCC_WARN_64_TO_32_BIT_CONVERSION = YES;
				GCC_WARN_ABOUT_RETURN_TYPE = YES_ERROR;
				GCC_WARN_UNDECLARED_SELECTOR = YES;
				GCC_WARN_UNINITIALIZED_AUTOS = YES_AGGRESSIVE;
				GCC_WARN_UNUSED_FUNCTION = YES;
				GCC_WARN_UNUSED_VARIABLE = YES;
				IPHONEOS_DEPLOYMENT_TARGET = 10.3;
				MTL_ENABLE_DEBUG_INFO = YES;
				ONLY_ACTIVE_ARCH = YES;
				SDKROOT = iphoneos;
			};
			name = Debug;
		};
		D3B32CBE1F20C5260037B97E /* Release */ = {
			isa = XCBuildConfiguration;
			buildSettings = {
				ALWAYS_SEARCH_USER_PATHS = NO;
				CLANG_ANALYZER_NONNULL = YES;
				CLANG_ANALYZER_NUMBER_OBJECT_CONVERSION = YES_AGGRESSIVE;
				CLANG_CXX_LANGUAGE_STANDARD = "gnu++0x";
				CLANG_CXX_LIBRARY = "libc++";
				CLANG_ENABLE_MODULES = YES;
				CLANG_ENABLE_OBJC_ARC = YES;
				CLANG_WARN_BOOL_CONVERSION = YES;
				CLANG_WARN_CONSTANT_CONVERSION = YES;
				CLANG_WARN_DIRECT_OBJC_ISA_USAGE = YES_ERROR;
				CLANG_WARN_DOCUMENTATION_COMMENTS = YES;
				CLANG_WARN_EMPTY_BODY = YES;
				CLANG_WARN_ENUM_CONVERSION = YES;
				CLANG_WARN_INFINITE_RECURSION = YES;
				CLANG_WARN_INT_CONVERSION = YES;
				CLANG_WARN_OBJC_ROOT_CLASS = YES_ERROR;
				CLANG_WARN_SUSPICIOUS_MOVE = YES;
				CLANG_WARN_UNREACHABLE_CODE = YES;
				CLANG_WARN__DUPLICATE_METHOD_MATCH = YES;
				"CODE_SIGN_IDENTITY[sdk=iphoneos*]" = "iPhone Developer";
				COPY_PHASE_STRIP = NO;
				DEBUG_INFORMATION_FORMAT = "dwarf-with-dsym";
				ENABLE_NS_ASSERTIONS = NO;
				ENABLE_STRICT_OBJC_MSGSEND = YES;
				GCC_C_LANGUAGE_STANDARD = gnu99;
				GCC_NO_COMMON_BLOCKS = YES;
				GCC_WARN_64_TO_32_BIT_CONVERSION = YES;
				GCC_WARN_ABOUT_RETURN_TYPE = YES_ERROR;
				GCC_WARN_UNDECLARED_SELECTOR = YES;
				GCC_WARN_UNINITIALIZED_AUTOS = YES_AGGRESSIVE;
				GCC_WARN_UNUSED_FUNCTION = YES;
				GCC_WARN_UNUSED_VARIABLE = YES;
				IPHONEOS_DEPLOYMENT_TARGET = 10.3;
				MTL_ENABLE_DEBUG_INFO = NO;
				SDKROOT = iphoneos;
				VALIDATE_PRODUCT = YES;
			};
			name = Release;
		};
		D3B32CC01F20C5260037B97E /* Debug */ = {
			isa = XCBuildConfiguration;
			baseConfigurationReference = 1E2BA8DEB9C24265BDA4A7A9 /* Pods-Currency Exchange.debug.xcconfig */;
			buildSettings = {
				ASSETCATALOG_COMPILER_APPICON_NAME = AppIcon;
				INFOPLIST_FILE = "Currency Exchange/Info.plist";
				IPHONEOS_DEPLOYMENT_TARGET = 9.0;
				LD_RUNPATH_SEARCH_PATHS = "$(inherited) @executable_path/Frameworks";
				PRODUCT_BUNDLE_IDENTIFIER = "com.test.Currency-Exchange";
				PRODUCT_NAME = "$(TARGET_NAME)";
			};
			name = Debug;
		};
		D3B32CC11F20C5260037B97E /* Release */ = {
			isa = XCBuildConfiguration;
			baseConfigurationReference = 40FE3AF632EBF4B109CF2A45 /* Pods-Currency Exchange.release.xcconfig */;
			buildSettings = {
				ASSETCATALOG_COMPILER_APPICON_NAME = AppIcon;
				INFOPLIST_FILE = "Currency Exchange/Info.plist";
				IPHONEOS_DEPLOYMENT_TARGET = 9.0;
				LD_RUNPATH_SEARCH_PATHS = "$(inherited) @executable_path/Frameworks";
				PRODUCT_BUNDLE_IDENTIFIER = "com.test.Currency-Exchange";
				PRODUCT_NAME = "$(TARGET_NAME)";
			};
			name = Release;
		};
		D3B32CC31F20C5260037B97E /* Debug */ = {
			isa = XCBuildConfiguration;
			baseConfigurationReference = 29F964DF549831255F877390 /* Pods-Currency ExchangeTests.debug.xcconfig */;
			buildSettings = {
				BUNDLE_LOADER = "$(TEST_HOST)";
				INFOPLIST_FILE = "Currency ExchangeTests/Info.plist";
				LD_RUNPATH_SEARCH_PATHS = "$(inherited) @executable_path/Frameworks @loader_path/Frameworks";
				PRODUCT_BUNDLE_IDENTIFIER = "com.test.Currency-ExchangeTests";
				PRODUCT_NAME = "$(TARGET_NAME)";
				TEST_HOST = "$(BUILT_PRODUCTS_DIR)/Currency Exchange.app/Currency Exchange";
			};
			name = Debug;
		};
		D3B32CC41F20C5260037B97E /* Release */ = {
			isa = XCBuildConfiguration;
			baseConfigurationReference = 3591E6A961A04BAB3C5CD06F /* Pods-Currency ExchangeTests.release.xcconfig */;
			buildSettings = {
				BUNDLE_LOADER = "$(TEST_HOST)";
				INFOPLIST_FILE = "Currency ExchangeTests/Info.plist";
				LD_RUNPATH_SEARCH_PATHS = "$(inherited) @executable_path/Frameworks @loader_path/Frameworks";
				PRODUCT_BUNDLE_IDENTIFIER = "com.test.Currency-ExchangeTests";
				PRODUCT_NAME = "$(TARGET_NAME)";
				TEST_HOST = "$(BUILT_PRODUCTS_DIR)/Currency Exchange.app/Currency Exchange";
			};
			name = Release;
		};
/* End XCBuildConfiguration section */

/* Begin XCConfigurationList section */
		D3B32C981F20C5260037B97E /* Build configuration list for PBXProject "Currency Exchange" */ = {
			isa = XCConfigurationList;
			buildConfigurations = (
				D3B32CBD1F20C5260037B97E /* Debug */,
				D3B32CBE1F20C5260037B97E /* Release */,
			);
			defaultConfigurationIsVisible = 0;
			defaultConfigurationName = Release;
		};
		D3B32CBF1F20C5260037B97E /* Build configuration list for PBXNativeTarget "Currency Exchange" */ = {
			isa = XCConfigurationList;
			buildConfigurations = (
				D3B32CC01F20C5260037B97E /* Debug */,
				D3B32CC11F20C5260037B97E /* Release */,
			);
			defaultConfigurationIsVisible = 0;
			defaultConfigurationName = Release;
		};
		D3B32CC21F20C5260037B97E /* Build configuration list for PBXNativeTarget "Currency ExchangeTests" */ = {
			isa = XCConfigurationList;
			buildConfigurations = (
				D3B32CC31F20C5260037B97E /* Debug */,
				D3B32CC41F20C5260037B97E /* Release */,
			);
			defaultConfigurationIsVisible = 0;
			defaultConfigurationName = Release;
		};
/* End XCConfigurationList section */
	};
	rootObject = D3B32C951F20C5260037B97E /* Project object */;
}
